// !$*UTF8*$!
{
	archiveVersion = 1;
	classes = {
	};
	objectVersion = 55;
	objects = {

/* Begin PBXBuildFile section */
		185168BD1464579910C325D1 /* Pods_Flix_FlixUITests.framework in Frameworks */ = {isa = PBXBuildFile; fileRef = 7EC57BCA2AF29030128AB646 /* Pods_Flix_FlixUITests.framework */; };
		483B144A270F697700D9ECF2 /* MovieCell.swift in Sources */ = {isa = PBXBuildFile; fileRef = 483B1449270F697700D9ECF2 /* MovieCell.swift */; };
		483B144D270FB27500D9ECF2 /* AlamofireImage in Frameworks */ = {isa = PBXBuildFile; productRef = 483B144C270FB27500D9ECF2 /* AlamofireImage */; };
		48B9E3C6270EB11300DC35EF /* AppDelegate.swift in Sources */ = {isa = PBXBuildFile; fileRef = 48B9E3C5270EB11300DC35EF /* AppDelegate.swift */; };
		48B9E3C8270EB11300DC35EF /* SceneDelegate.swift in Sources */ = {isa = PBXBuildFile; fileRef = 48B9E3C7270EB11300DC35EF /* SceneDelegate.swift */; };
		48B9E3CA270EB11300DC35EF /* ViewController.swift in Sources */ = {isa = PBXBuildFile; fileRef = 48B9E3C9270EB11300DC35EF /* ViewController.swift */; };
		48B9E3CD270EB11300DC35EF /* Main.storyboard in Resources */ = {isa = PBXBuildFile; fileRef = 48B9E3CB270EB11300DC35EF /* Main.storyboard */; };
		48B9E3CF270EB11800DC35EF /* Assets.xcassets in Resources */ = {isa = PBXBuildFile; fileRef = 48B9E3CE270EB11800DC35EF /* Assets.xcassets */; };
		48B9E3D2270EB11800DC35EF /* LaunchScreen.storyboard in Resources */ = {isa = PBXBuildFile; fileRef = 48B9E3D0270EB11800DC35EF /* LaunchScreen.storyboard */; };
		48B9E3DD270EB11800DC35EF /* FlixTests.swift in Sources */ = {isa = PBXBuildFile; fileRef = 48B9E3DC270EB11800DC35EF /* FlixTests.swift */; };
		48B9E3E7270EB11800DC35EF /* FlixUITests.swift in Sources */ = {isa = PBXBuildFile; fileRef = 48B9E3E6270EB11800DC35EF /* FlixUITests.swift */; };
		48B9E3E9270EB11800DC35EF /* FlixUITestsLaunchTests.swift in Sources */ = {isa = PBXBuildFile; fileRef = 48B9E3E8270EB11800DC35EF /* FlixUITestsLaunchTests.swift */; };
		A79F26165EE93963DF614C76 /* Pods_FlixTests.framework in Frameworks */ = {isa = PBXBuildFile; fileRef = 7D8C11DDA6E90181E764AC34 /* Pods_FlixTests.framework */; };
		E8A1E099E4D339055065D4F0 /* Pods_Flix.framework in Frameworks */ = {isa = PBXBuildFile; fileRef = CD7C8D134F9421D8187F572C /* Pods_Flix.framework */; };
/* End PBXBuildFile section */

/* Begin PBXContainerItemProxy section */
		48B9E3D9270EB11800DC35EF /* PBXContainerItemProxy */ = {
			isa = PBXContainerItemProxy;
			containerPortal = 48B9E3BA270EB11300DC35EF /* Project object */;
			proxyType = 1;
			remoteGlobalIDString = 48B9E3C1270EB11300DC35EF;
			remoteInfo = Flix;
		};
		48B9E3E3270EB11800DC35EF /* PBXContainerItemProxy */ = {
			isa = PBXContainerItemProxy;
			containerPortal = 48B9E3BA270EB11300DC35EF /* Project object */;
			proxyType = 1;
			remoteGlobalIDString = 48B9E3C1270EB11300DC35EF;
			remoteInfo = Flix;
		};
/* End PBXContainerItemProxy section */

/* Begin PBXFileReference section */
		015A87D678A54D7A378802C9 /* Pods-Flix.release.xcconfig */ = {isa = PBXFileReference; includeInIndex = 1; lastKnownFileType = text.xcconfig; name = "Pods-Flix.release.xcconfig"; path = "Target Support Files/Pods-Flix/Pods-Flix.release.xcconfig"; sourceTree = "<group>"; };
		0856E90910130651134352A1 /* Pods-FlixTests.debug.xcconfig */ = {isa = PBXFileReference; includeInIndex = 1; lastKnownFileType = text.xcconfig; name = "Pods-FlixTests.debug.xcconfig"; path = "Target Support Files/Pods-FlixTests/Pods-FlixTests.debug.xcconfig"; sourceTree = "<group>"; };
		192F20AE160CBB4D570EA509 /* Pods-Flix-FlixUITests.release.xcconfig */ = {isa = PBXFileReference; includeInIndex = 1; lastKnownFileType = text.xcconfig; name = "Pods-Flix-FlixUITests.release.xcconfig"; path = "Target Support Files/Pods-Flix-FlixUITests/Pods-Flix-FlixUITests.release.xcconfig"; sourceTree = "<group>"; };
		1F7A1BA658DF5AEFEF547EB6 /* Pods-FlixTests.release.xcconfig */ = {isa = PBXFileReference; includeInIndex = 1; lastKnownFileType = text.xcconfig; name = "Pods-FlixTests.release.xcconfig"; path = "Target Support Files/Pods-FlixTests/Pods-FlixTests.release.xcconfig"; sourceTree = "<group>"; };
		483B1449270F697700D9ECF2 /* MovieCell.swift */ = {isa = PBXFileReference; lastKnownFileType = sourcecode.swift; path = MovieCell.swift; sourceTree = "<group>"; };
		48B9E3C2270EB11300DC35EF /* Flix.app */ = {isa = PBXFileReference; explicitFileType = wrapper.application; includeInIndex = 0; path = Flix.app; sourceTree = BUILT_PRODUCTS_DIR; };
		48B9E3C5270EB11300DC35EF /* AppDelegate.swift */ = {isa = PBXFileReference; lastKnownFileType = sourcecode.swift; path = AppDelegate.swift; sourceTree = "<group>"; };
		48B9E3C7270EB11300DC35EF /* SceneDelegate.swift */ = {isa = PBXFileReference; lastKnownFileType = sourcecode.swift; path = SceneDelegate.swift; sourceTree = "<group>"; };
		48B9E3C9270EB11300DC35EF /* ViewController.swift */ = {isa = PBXFileReference; lastKnownFileType = sourcecode.swift; path = ViewController.swift; sourceTree = "<group>"; };
		48B9E3CC270EB11300DC35EF /* Base */ = {isa = PBXFileReference; lastKnownFileType = file.storyboard; name = Base; path = Base.lproj/Main.storyboard; sourceTree = "<group>"; };
		48B9E3CE270EB11800DC35EF /* Assets.xcassets */ = {isa = PBXFileReference; lastKnownFileType = folder.assetcatalog; path = Assets.xcassets; sourceTree = "<group>"; };
		48B9E3D1270EB11800DC35EF /* Base */ = {isa = PBXFileReference; lastKnownFileType = file.storyboard; name = Base; path = Base.lproj/LaunchScreen.storyboard; sourceTree = "<group>"; };
		48B9E3D3270EB11800DC35EF /* Info.plist */ = {isa = PBXFileReference; lastKnownFileType = text.plist.xml; path = Info.plist; sourceTree = "<group>"; };
		48B9E3D8270EB11800DC35EF /* FlixTests.xctest */ = {isa = PBXFileReference; explicitFileType = wrapper.cfbundle; includeInIndex = 0; path = FlixTests.xctest; sourceTree = BUILT_PRODUCTS_DIR; };
		48B9E3DC270EB11800DC35EF /* FlixTests.swift */ = {isa = PBXFileReference; lastKnownFileType = sourcecode.swift; path = FlixTests.swift; sourceTree = "<group>"; };
		48B9E3E2270EB11800DC35EF /* FlixUITests.xctest */ = {isa = PBXFileReference; explicitFileType = wrapper.cfbundle; includeInIndex = 0; path = FlixUITests.xctest; sourceTree = BUILT_PRODUCTS_DIR; };
		48B9E3E6270EB11800DC35EF /* FlixUITests.swift */ = {isa = PBXFileReference; lastKnownFileType = sourcecode.swift; path = FlixUITests.swift; sourceTree = "<group>"; };
		48B9E3E8270EB11800DC35EF /* FlixUITestsLaunchTests.swift */ = {isa = PBXFileReference; lastKnownFileType = sourcecode.swift; path = FlixUITestsLaunchTests.swift; sourceTree = "<group>"; };
		7D8C11DDA6E90181E764AC34 /* Pods_FlixTests.framework */ = {isa = PBXFileReference; explicitFileType = wrapper.framework; includeInIndex = 0; path = Pods_FlixTests.framework; sourceTree = BUILT_PRODUCTS_DIR; };
		7EC57BCA2AF29030128AB646 /* Pods_Flix_FlixUITests.framework */ = {isa = PBXFileReference; explicitFileType = wrapper.framework; includeInIndex = 0; path = Pods_Flix_FlixUITests.framework; sourceTree = BUILT_PRODUCTS_DIR; };
		C96103B57C2A2A8ABA0420AA /* Pods-Flix.debug.xcconfig */ = {isa = PBXFileReference; includeInIndex = 1; lastKnownFileType = text.xcconfig; name = "Pods-Flix.debug.xcconfig"; path = "Target Support Files/Pods-Flix/Pods-Flix.debug.xcconfig"; sourceTree = "<group>"; };
		CD7C8D134F9421D8187F572C /* Pods_Flix.framework */ = {isa = PBXFileReference; explicitFileType = wrapper.framework; includeInIndex = 0; path = Pods_Flix.framework; sourceTree = BUILT_PRODUCTS_DIR; };
		E45839E2FF135FA0DBD702C5 /* Pods-Flix-FlixUITests.debug.xcconfig */ = {isa = PBXFileReference; includeInIndex = 1; lastKnownFileType = text.xcconfig; name = "Pods-Flix-FlixUITests.debug.xcconfig"; path = "Target Support Files/Pods-Flix-FlixUITests/Pods-Flix-FlixUITests.debug.xcconfig"; sourceTree = "<group>"; };
/* End PBXFileReference section */

/* Begin PBXFrameworksBuildPhase section */
		48B9E3BF270EB11300DC35EF /* Frameworks */ = {
			isa = PBXFrameworksBuildPhase;
			buildActionMask = 2147483647;
			files = (
				483B144D270FB27500D9ECF2 /* AlamofireImage in Frameworks */,
				E8A1E099E4D339055065D4F0 /* Pods_Flix.framework in Frameworks */,
			);
			runOnlyForDeploymentPostprocessing = 0;
		};
		48B9E3D5270EB11800DC35EF /* Frameworks */ = {
			isa = PBXFrameworksBuildPhase;
			buildActionMask = 2147483647;
			files = (
				A79F26165EE93963DF614C76 /* Pods_FlixTests.framework in Frameworks */,
			);
			runOnlyForDeploymentPostprocessing = 0;
		};
		48B9E3DF270EB11800DC35EF /* Frameworks */ = {
			isa = PBXFrameworksBuildPhase;
			buildActionMask = 2147483647;
			files = (
				185168BD1464579910C325D1 /* Pods_Flix_FlixUITests.framework in Frameworks */,
			);
			runOnlyForDeploymentPostprocessing = 0;
		};
/* End PBXFrameworksBuildPhase section */

/* Begin PBXGroup section */
		47BB3B6C43EC3A0AA1163689 /* Frameworks */ = {
			isa = PBXGroup;
			children = (
				CD7C8D134F9421D8187F572C /* Pods_Flix.framework */,
				7EC57BCA2AF29030128AB646 /* Pods_Flix_FlixUITests.framework */,
				7D8C11DDA6E90181E764AC34 /* Pods_FlixTests.framework */,
			);
			name = Frameworks;
			sourceTree = "<group>";
		};
		48B9E3B9270EB11300DC35EF = {
			isa = PBXGroup;
			children = (
				48B9E3C4270EB11300DC35EF /* Flix */,
				48B9E3DB270EB11800DC35EF /* FlixTests */,
				48B9E3E5270EB11800DC35EF /* FlixUITests */,
				48B9E3C3270EB11300DC35EF /* Products */,
				DCCC05AC39BE542D47D30F7E /* Pods */,
				47BB3B6C43EC3A0AA1163689 /* Frameworks */,
			);
			sourceTree = "<group>";
		};
		48B9E3C3270EB11300DC35EF /* Products */ = {
			isa = PBXGroup;
			children = (
				48B9E3C2270EB11300DC35EF /* Flix.app */,
				48B9E3D8270EB11800DC35EF /* FlixTests.xctest */,
				48B9E3E2270EB11800DC35EF /* FlixUITests.xctest */,
			);
			name = Products;
			sourceTree = "<group>";
		};
		48B9E3C4270EB11300DC35EF /* Flix */ = {
			isa = PBXGroup;
			children = (
				48B9E3C5270EB11300DC35EF /* AppDelegate.swift */,
				48B9E3C7270EB11300DC35EF /* SceneDelegate.swift */,
				48B9E3C9270EB11300DC35EF /* ViewController.swift */,
				48B9E3CB270EB11300DC35EF /* Main.storyboard */,
				483B1449270F697700D9ECF2 /* MovieCell.swift */,
				48B9E3CE270EB11800DC35EF /* Assets.xcassets */,
				48B9E3D0270EB11800DC35EF /* LaunchScreen.storyboard */,
				48B9E3D3270EB11800DC35EF /* Info.plist */,
			);
			path = Flix;
			sourceTree = "<group>";
		};
		48B9E3DB270EB11800DC35EF /* FlixTests */ = {
			isa = PBXGroup;
			children = (
				48B9E3DC270EB11800DC35EF /* FlixTests.swift */,
			);
			path = FlixTests;
			sourceTree = "<group>";
		};
		48B9E3E5270EB11800DC35EF /* FlixUITests */ = {
			isa = PBXGroup;
			children = (
				48B9E3E6270EB11800DC35EF /* FlixUITests.swift */,
				48B9E3E8270EB11800DC35EF /* FlixUITestsLaunchTests.swift */,
			);
			path = FlixUITests;
			sourceTree = "<group>";
		};
		DCCC05AC39BE542D47D30F7E /* Pods */ = {
			isa = PBXGroup;
			children = (
				C96103B57C2A2A8ABA0420AA /* Pods-Flix.debug.xcconfig */,
				015A87D678A54D7A378802C9 /* Pods-Flix.release.xcconfig */,
				E45839E2FF135FA0DBD702C5 /* Pods-Flix-FlixUITests.debug.xcconfig */,
				192F20AE160CBB4D570EA509 /* Pods-Flix-FlixUITests.release.xcconfig */,
				0856E90910130651134352A1 /* Pods-FlixTests.debug.xcconfig */,
				1F7A1BA658DF5AEFEF547EB6 /* Pods-FlixTests.release.xcconfig */,
			);
			name = Pods;
			path = Pods;
			sourceTree = "<group>";
		};
/* End PBXGroup section */

/* Begin PBXNativeTarget section */
		48B9E3C1270EB11300DC35EF /* Flix */ = {
			isa = PBXNativeTarget;
			buildConfigurationList = 48B9E3EC270EB11800DC35EF /* Build configuration list for PBXNativeTarget "Flix" */;
			buildPhases = (
				17F546111F2AB0CE6B73C4D9 /* [CP] Check Pods Manifest.lock */,
				48B9E3BE270EB11300DC35EF /* Sources */,
				48B9E3BF270EB11300DC35EF /* Frameworks */,
				48B9E3C0270EB11300DC35EF /* Resources */,
				B21163F72029AA649A3FBB65 /* [CP] Embed Pods Frameworks */,
			);
			buildRules = (
			);
			dependencies = (
			);
			name = Flix;
			packageProductDependencies = (
				483B144C270FB27500D9ECF2 /* AlamofireImage */,
			);
			productName = Flix;
			productReference = 48B9E3C2270EB11300DC35EF /* Flix.app */;
			productType = "com.apple.product-type.application";
		};
		48B9E3D7270EB11800DC35EF /* FlixTests */ = {
			isa = PBXNativeTarget;
			buildConfigurationList = 48B9E3EF270EB11800DC35EF /* Build configuration list for PBXNativeTarget "FlixTests" */;
			buildPhases = (
				C06DDA5742D0CFCDB7ED3292 /* [CP] Check Pods Manifest.lock */,
				48B9E3D4270EB11800DC35EF /* Sources */,
				48B9E3D5270EB11800DC35EF /* Frameworks */,
				48B9E3D6270EB11800DC35EF /* Resources */,
			);
			buildRules = (
			);
			dependencies = (
				48B9E3DA270EB11800DC35EF /* PBXTargetDependency */,
			);
			name = FlixTests;
			productName = FlixTests;
			productReference = 48B9E3D8270EB11800DC35EF /* FlixTests.xctest */;
			productType = "com.apple.product-type.bundle.unit-test";
		};
		48B9E3E1270EB11800DC35EF /* FlixUITests */ = {
			isa = PBXNativeTarget;
			buildConfigurationList = 48B9E3F2270EB11800DC35EF /* Build configuration list for PBXNativeTarget "FlixUITests" */;
			buildPhases = (
				9E5CB34E7B1E212E8C6C93C8 /* [CP] Check Pods Manifest.lock */,
				48B9E3DE270EB11800DC35EF /* Sources */,
				48B9E3DF270EB11800DC35EF /* Frameworks */,
				48B9E3E0270EB11800DC35EF /* Resources */,
				76AF186EB9168167986EF514 /* [CP] Embed Pods Frameworks */,
			);
			buildRules = (
			);
			dependencies = (
				48B9E3E4270EB11800DC35EF /* PBXTargetDependency */,
			);
			name = FlixUITests;
			productName = FlixUITests;
			productReference = 48B9E3E2270EB11800DC35EF /* FlixUITests.xctest */;
			productType = "com.apple.product-type.bundle.ui-testing";
		};
/* End PBXNativeTarget section */

/* Begin PBXProject section */
		48B9E3BA270EB11300DC35EF /* Project object */ = {
			isa = PBXProject;
			attributes = {
				BuildIndependentTargetsInParallel = 1;
				LastSwiftUpdateCheck = 1300;
				LastUpgradeCheck = 1300;
				TargetAttributes = {
					48B9E3C1270EB11300DC35EF = {
						CreatedOnToolsVersion = 13.0;
					};
					48B9E3D7270EB11800DC35EF = {
						CreatedOnToolsVersion = 13.0;
						TestTargetID = 48B9E3C1270EB11300DC35EF;
					};
					48B9E3E1270EB11800DC35EF = {
						CreatedOnToolsVersion = 13.0;
						TestTargetID = 48B9E3C1270EB11300DC35EF;
					};
				};
			};
			buildConfigurationList = 48B9E3BD270EB11300DC35EF /* Build configuration list for PBXProject "Flix" */;
			compatibilityVersion = "Xcode 13.0";
			developmentRegion = en;
			hasScannedForEncodings = 0;
			knownRegions = (
				en,
				Base,
			);
			mainGroup = 48B9E3B9270EB11300DC35EF;
			packageReferences = (
				483B144B270FB27500D9ECF2 /* XCRemoteSwiftPackageReference "AlamofireImage" */,
			);
			productRefGroup = 48B9E3C3270EB11300DC35EF /* Products */;
			projectDirPath = "";
			projectRoot = "";
			targets = (
				48B9E3C1270EB11300DC35EF /* Flix */,
				48B9E3D7270EB11800DC35EF /* FlixTests */,
				48B9E3E1270EB11800DC35EF /* FlixUITests */,
			);
		};
/* End PBXProject section */

/* Begin PBXResourcesBuildPhase section */
		48B9E3C0270EB11300DC35EF /* Resources */ = {
			isa = PBXResourcesBuildPhase;
			buildActionMask = 2147483647;
			files = (
				48B9E3D2270EB11800DC35EF /* LaunchScreen.storyboard in Resources */,
				48B9E3CF270EB11800DC35EF /* Assets.xcassets in Resources */,
				48B9E3CD270EB11300DC35EF /* Main.storyboard in Resources */,
			);
			runOnlyForDeploymentPostprocessing = 0;
		};
		48B9E3D6270EB11800DC35EF /* Resources */ = {
			isa = PBXResourcesBuildPhase;
			buildActionMask = 2147483647;
			files = (
			);
			runOnlyForDeploymentPostprocessing = 0;
		};
		48B9E3E0270EB11800DC35EF /* Resources */ = {
			isa = PBXResourcesBuildPhase;
			buildActionMask = 2147483647;
			files = (
			);
			runOnlyForDeploymentPostprocessing = 0;
		};
/* End PBXResourcesBuildPhase section */

/* Begin PBXShellScriptBuildPhase section */
		17F546111F2AB0CE6B73C4D9 /* [CP] Check Pods Manifest.lock */ = {
			isa = PBXShellScriptBuildPhase;
			buildActionMask = 2147483647;
			files = (
			);
			inputFileListPaths = (
			);
			inputPaths = (
				"${PODS_PODFILE_DIR_PATH}/Podfile.lock",
				"${PODS_ROOT}/Manifest.lock",
			);
			name = "[CP] Check Pods Manifest.lock";
			outputFileListPaths = (
			);
			outputPaths = (
				"$(DERIVED_FILE_DIR)/Pods-Flix-checkManifestLockResult.txt",
			);
			runOnlyForDeploymentPostprocessing = 0;
			shellPath = /bin/sh;
			shellScript = "diff \"${PODS_PODFILE_DIR_PATH}/Podfile.lock\" \"${PODS_ROOT}/Manifest.lock\" > /dev/null\nif [ $? != 0 ] ; then\n    # print error to STDERR\n    echo \"error: The sandbox is not in sync with the Podfile.lock. Run 'pod install' or update your CocoaPods installation.\" >&2\n    exit 1\nfi\n# This output is used by Xcode 'outputs' to avoid re-running this script phase.\necho \"SUCCESS\" > \"${SCRIPT_OUTPUT_FILE_0}\"\n";
			showEnvVarsInLog = 0;
		};
		76AF186EB9168167986EF514 /* [CP] Embed Pods Frameworks */ = {
			isa = PBXShellScriptBuildPhase;
			buildActionMask = 2147483647;
			files = (
			);
			inputFileListPaths = (
				"${PODS_ROOT}/Target Support Files/Pods-Flix-FlixUITests/Pods-Flix-FlixUITests-frameworks-${CONFIGURATION}-input-files.xcfilelist",
			);
			name = "[CP] Embed Pods Frameworks";
			outputFileListPaths = (
				"${PODS_ROOT}/Target Support Files/Pods-Flix-FlixUITests/Pods-Flix-FlixUITests-frameworks-${CONFIGURATION}-output-files.xcfilelist",
			);
			runOnlyForDeploymentPostprocessing = 0;
			shellPath = /bin/sh;
			shellScript = "\"${PODS_ROOT}/Target Support Files/Pods-Flix-FlixUITests/Pods-Flix-FlixUITests-frameworks.sh\"\n";
			showEnvVarsInLog = 0;
		};
		9E5CB34E7B1E212E8C6C93C8 /* [CP] Check Pods Manifest.lock */ = {
			isa = PBXShellScriptBuildPhase;
			buildActionMask = 2147483647;
			files = (
			);
			inputFileListPaths = (
			);
			inputPaths = (
				"${PODS_PODFILE_DIR_PATH}/Podfile.lock",
				"${PODS_ROOT}/Manifest.lock",
			);
			name = "[CP] Check Pods Manifest.lock";
			outputFileListPaths = (
			);
			outputPaths = (
				"$(DERIVED_FILE_DIR)/Pods-Flix-FlixUITests-checkManifestLockResult.txt",
			);
			runOnlyForDeploymentPostprocessing = 0;
			shellPath = /bin/sh;
			shellScript = "diff \"${PODS_PODFILE_DIR_PATH}/Podfile.lock\" \"${PODS_ROOT}/Manifest.lock\" > /dev/null\nif [ $? != 0 ] ; then\n    # print error to STDERR\n    echo \"error: The sandbox is not in sync with the Podfile.lock. Run 'pod install' or update your CocoaPods installation.\" >&2\n    exit 1\nfi\n# This output is used by Xcode 'outputs' to avoid re-running this script phase.\necho \"SUCCESS\" > \"${SCRIPT_OUTPUT_FILE_0}\"\n";
			showEnvVarsInLog = 0;
		};
		B21163F72029AA649A3FBB65 /* [CP] Embed Pods Frameworks */ = {
			isa = PBXShellScriptBuildPhase;
			buildActionMask = 2147483647;
			files = (
			);
			inputFileListPaths = (
				"${PODS_ROOT}/Target Support Files/Pods-Flix/Pods-Flix-frameworks-${CONFIGURATION}-input-files.xcfilelist",
			);
			name = "[CP] Embed Pods Frameworks";
			outputFileListPaths = (
				"${PODS_ROOT}/Target Support Files/Pods-Flix/Pods-Flix-frameworks-${CONFIGURATION}-output-files.xcfilelist",
			);
			runOnlyForDeploymentPostprocessing = 0;
			shellPath = /bin/sh;
			shellScript = "\"${PODS_ROOT}/Target Support Files/Pods-Flix/Pods-Flix-frameworks.sh\"\n";
			showEnvVarsInLog = 0;
		};
		C06DDA5742D0CFCDB7ED3292 /* [CP] Check Pods Manifest.lock */ = {
			isa = PBXShellScriptBuildPhase;
			buildActionMask = 2147483647;
			files = (
			);
			inputFileListPaths = (
			);
			inputPaths = (
				"${PODS_PODFILE_DIR_PATH}/Podfile.lock",
				"${PODS_ROOT}/Manifest.lock",
			);
			name = "[CP] Check Pods Manifest.lock";
			outputFileListPaths = (
			);
			outputPaths = (
				"$(DERIVED_FILE_DIR)/Pods-FlixTests-checkManifestLockResult.txt",
			);
			runOnlyForDeploymentPostprocessing = 0;
			shellPath = /bin/sh;
			shellScript = "diff \"${PODS_PODFILE_DIR_PATH}/Podfile.lock\" \"${PODS_ROOT}/Manifest.lock\" > /dev/null\nif [ $? != 0 ] ; then\n    # print error to STDERR\n    echo \"error: The sandbox is not in sync with the Podfile.lock. Run 'pod install' or update your CocoaPods installation.\" >&2\n    exit 1\nfi\n# This output is used by Xcode 'outputs' to avoid re-running this script phase.\necho \"SUCCESS\" > \"${SCRIPT_OUTPUT_FILE_0}\"\n";
			showEnvVarsInLog = 0;
		};
/* End PBXShellScriptBuildPhase section */

/* Begin PBXSourcesBuildPhase section */
		48B9E3BE270EB11300DC35EF /* Sources */ = {
			isa = PBXSourcesBuildPhase;
			buildActionMask = 2147483647;
			files = (
				48B9E3CA270EB11300DC35EF /* ViewController.swift in Sources */,
				48B9E3C6270EB11300DC35EF /* AppDelegate.swift in Sources */,
				483B144A270F697700D9ECF2 /* MovieCell.swift in Sources */,
				48B9E3C8270EB11300DC35EF /* SceneDelegate.swift in Sources */,
			);
			runOnlyForDeploymentPostprocessing = 0;
		};
		48B9E3D4270EB11800DC35EF /* Sources */ = {
			isa = PBXSourcesBuildPhase;
			buildActionMask = 2147483647;
			files = (
				48B9E3DD270EB11800DC35EF /* FlixTests.swift in Sources */,
			);
			runOnlyForDeploymentPostprocessing = 0;
		};
		48B9E3DE270EB11800DC35EF /* Sources */ = {
			isa = PBXSourcesBuildPhase;
			buildActionMask = 2147483647;
			files = (
				48B9E3E7270EB11800DC35EF /* FlixUITests.swift in Sources */,
				48B9E3E9270EB11800DC35EF /* FlixUITestsLaunchTests.swift in Sources */,
			);
			runOnlyForDeploymentPostprocessing = 0;
		};
/* End PBXSourcesBuildPhase section */

/* Begin PBXTargetDependency section */
		48B9E3DA270EB11800DC35EF /* PBXTargetDependency */ = {
			isa = PBXTargetDependency;
			target = 48B9E3C1270EB11300DC35EF /* Flix */;
			targetProxy = 48B9E3D9270EB11800DC35EF /* PBXContainerItemProxy */;
		};
		48B9E3E4270EB11800DC35EF /* PBXTargetDependency */ = {
			isa = PBXTargetDependency;
			target = 48B9E3C1270EB11300DC35EF /* Flix */;
			targetProxy = 48B9E3E3270EB11800DC35EF /* PBXContainerItemProxy */;
		};
/* End PBXTargetDependency section */

/* Begin PBXVariantGroup section */
		48B9E3CB270EB11300DC35EF /* Main.storyboard */ = {
			isa = PBXVariantGroup;
			children = (
				48B9E3CC270EB11300DC35EF /* Base */,
			);
			name = Main.storyboard;
			sourceTree = "<group>";
		};
		48B9E3D0270EB11800DC35EF /* LaunchScreen.storyboard */ = {
			isa = PBXVariantGroup;
			children = (
				48B9E3D1270EB11800DC35EF /* Base */,
			);
			name = LaunchScreen.storyboard;
			sourceTree = "<group>";
		};
/* End PBXVariantGroup section */

/* Begin XCBuildConfiguration section */
		48B9E3EA270EB11800DC35EF /* Debug */ = {
			isa = XCBuildConfiguration;
			buildSettings = {
				ALWAYS_SEARCH_USER_PATHS = NO;
				CLANG_ANALYZER_NONNULL = YES;
				CLANG_ANALYZER_NUMBER_OBJECT_CONVERSION = YES_AGGRESSIVE;
				CLANG_CXX_LANGUAGE_STANDARD = "gnu++17";
				CLANG_CXX_LIBRARY = "libc++";
				CLANG_ENABLE_MODULES = YES;
				CLANG_ENABLE_OBJC_ARC = YES;
				CLANG_ENABLE_OBJC_WEAK = YES;
				CLANG_WARN_BLOCK_CAPTURE_AUTORELEASING = YES;
				CLANG_WARN_BOOL_CONVERSION = YES;
				CLANG_WARN_COMMA = YES;
				CLANG_WARN_CONSTANT_CONVERSION = YES;
				CLANG_WARN_DEPRECATED_OBJC_IMPLEMENTATIONS = YES;
				CLANG_WARN_DIRECT_OBJC_ISA_USAGE = YES_ERROR;
				CLANG_WARN_DOCUMENTATION_COMMENTS = YES;
				CLANG_WARN_EMPTY_BODY = YES;
				CLANG_WARN_ENUM_CONVERSION = YES;
				CLANG_WARN_INFINITE_RECURSION = YES;
				CLANG_WARN_INT_CONVERSION = YES;
				CLANG_WARN_NON_LITERAL_NULL_CONVERSION = YES;
				CLANG_WARN_OBJC_IMPLICIT_RETAIN_SELF = YES;
				CLANG_WARN_OBJC_LITERAL_CONVERSION = YES;
				CLANG_WARN_OBJC_ROOT_CLASS = YES_ERROR;
				CLANG_WARN_QUOTED_INCLUDE_IN_FRAMEWORK_HEADER = YES;
				CLANG_WARN_RANGE_LOOP_ANALYSIS = YES;
				CLANG_WARN_STRICT_PROTOTYPES = YES;
				CLANG_WARN_SUSPICIOUS_MOVE = YES;
				CLANG_WARN_UNGUARDED_AVAILABILITY = YES_AGGRESSIVE;
				CLANG_WARN_UNREACHABLE_CODE = YES;
				CLANG_WARN__DUPLICATE_METHOD_MATCH = YES;
				COPY_PHASE_STRIP = NO;
				DEBUG_INFORMATION_FORMAT = dwarf;
				ENABLE_STRICT_OBJC_MSGSEND = YES;
				ENABLE_TESTABILITY = YES;
				GCC_C_LANGUAGE_STANDARD = gnu11;
				GCC_DYNAMIC_NO_PIC = NO;
				GCC_NO_COMMON_BLOCKS = YES;
				GCC_OPTIMIZATION_LEVEL = 0;
				GCC_PREPROCESSOR_DEFINITIONS = (
					"DEBUG=1",
					"$(inherited)",
				);
				GCC_WARN_64_TO_32_BIT_CONVERSION = YES;
				GCC_WARN_ABOUT_RETURN_TYPE = YES_ERROR;
				GCC_WARN_UNDECLARED_SELECTOR = YES;
				GCC_WARN_UNINITIALIZED_AUTOS = YES_AGGRESSIVE;
				GCC_WARN_UNUSED_FUNCTION = YES;
				GCC_WARN_UNUSED_VARIABLE = YES;
				IPHONEOS_DEPLOYMENT_TARGET = 15.0;
				MTL_ENABLE_DEBUG_INFO = INCLUDE_SOURCE;
				MTL_FAST_MATH = YES;
				ONLY_ACTIVE_ARCH = YES;
				SDKROOT = iphoneos;
				SWIFT_ACTIVE_COMPILATION_CONDITIONS = DEBUG;
				SWIFT_OPTIMIZATION_LEVEL = "-Onone";
			};
			name = Debug;
		};
		48B9E3EB270EB11800DC35EF /* Release */ = {
			isa = XCBuildConfiguration;
			buildSettings = {
				ALWAYS_SEARCH_USER_PATHS = NO;
				CLANG_ANALYZER_NONNULL = YES;
				CLANG_ANALYZER_NUMBER_OBJECT_CONVERSION = YES_AGGRESSIVE;
				CLANG_CXX_LANGUAGE_STANDARD = "gnu++17";
				CLANG_CXX_LIBRARY = "libc++";
				CLANG_ENABLE_MODULES = YES;
				CLANG_ENABLE_OBJC_ARC = YES;
				CLANG_ENABLE_OBJC_WEAK = YES;
				CLANG_WARN_BLOCK_CAPTURE_AUTORELEASING = YES;
				CLANG_WARN_BOOL_CONVERSION = YES;
				CLANG_WARN_COMMA = YES;
				CLANG_WARN_CONSTANT_CONVERSION = YES;
				CLANG_WARN_DEPRECATED_OBJC_IMPLEMENTATIONS = YES;
				CLANG_WARN_DIRECT_OBJC_ISA_USAGE = YES_ERROR;
				CLANG_WARN_DOCUMENTATION_COMMENTS = YES;
				CLANG_WARN_EMPTY_BODY = YES;
				CLANG_WARN_ENUM_CONVERSION = YES;
				CLANG_WARN_INFINITE_RECURSION = YES;
				CLANG_WARN_INT_CONVERSION = YES;
				CLANG_WARN_NON_LITERAL_NULL_CONVERSION = YES;
				CLANG_WARN_OBJC_IMPLICIT_RETAIN_SELF = YES;
				CLANG_WARN_OBJC_LITERAL_CONVERSION = YES;
				CLANG_WARN_OBJC_ROOT_CLASS = YES_ERROR;
				CLANG_WARN_QUOTED_INCLUDE_IN_FRAMEWORK_HEADER = YES;
				CLANG_WARN_RANGE_LOOP_ANALYSIS = YES;
				CLANG_WARN_STRICT_PROTOTYPES = YES;
				CLANG_WARN_SUSPICIOUS_MOVE = YES;
				CLANG_WARN_UNGUARDED_AVAILABILITY = YES_AGGRESSIVE;
				CLANG_WARN_UNREACHABLE_CODE = YES;
				CLANG_WARN__DUPLICATE_METHOD_MATCH = YES;
				COPY_PHASE_STRIP = NO;
				DEBUG_INFORMATION_FORMAT = "dwarf-with-dsym";
				ENABLE_NS_ASSERTIONS = NO;
				ENABLE_STRICT_OBJC_MSGSEND = YES;
				GCC_C_LANGUAGE_STANDARD = gnu11;
				GCC_NO_COMMON_BLOCKS = YES;
				GCC_WARN_64_TO_32_BIT_CONVERSION = YES;
				GCC_WARN_ABOUT_RETURN_TYPE = YES_ERROR;
				GCC_WARN_UNDECLARED_SELECTOR = YES;
				GCC_WARN_UNINITIALIZED_AUTOS = YES_AGGRESSIVE;
				GCC_WARN_UNUSED_FUNCTION = YES;
				GCC_WARN_UNUSED_VARIABLE = YES;
				IPHONEOS_DEPLOYMENT_TARGET = 15.0;
				MTL_ENABLE_DEBUG_INFO = NO;
				MTL_FAST_MATH = YES;
				SDKROOT = iphoneos;
				SWIFT_COMPILATION_MODE = wholemodule;
				SWIFT_OPTIMIZATION_LEVEL = "-O";
				VALIDATE_PRODUCT = YES;
			};
			name = Release;
		};
		48B9E3ED270EB11800DC35EF /* Debug */ = {
			isa = XCBuildConfiguration;
			baseConfigurationReference = C96103B57C2A2A8ABA0420AA /* Pods-Flix.debug.xcconfig */;
			buildSettings = {
				ASSETCATALOG_COMPILER_APPICON_NAME = AppIcon;
				ASSETCATALOG_COMPILER_GLOBAL_ACCENT_COLOR_NAME = AccentColor;
				CODE_SIGN_STYLE = Automatic;
				CURRENT_PROJECT_VERSION = 1;
				DEVELOPMENT_TEAM = L49A5UK9QF;
				GENERATE_INFOPLIST_FILE = YES;
				INFOPLIST_FILE = Flix/Info.plist;
				INFOPLIST_KEY_UIApplicationSupportsIndirectInputEvents = YES;
				INFOPLIST_KEY_UILaunchStoryboardName = LaunchScreen;
				INFOPLIST_KEY_UIMainStoryboardFile = Main;
				INFOPLIST_KEY_UISupportedInterfaceOrientations_iPad = "UIInterfaceOrientationPortrait UIInterfaceOrientationPortraitUpsideDown UIInterfaceOrientationLandscapeLeft UIInterfaceOrientationLandscapeRight";
				INFOPLIST_KEY_UISupportedInterfaceOrientations_iPhone = "UIInterfaceOrientationPortrait UIInterfaceOrientationLandscapeLeft UIInterfaceOrientationLandscapeRight";
				LD_RUNPATH_SEARCH_PATHS = (
					"$(inherited)",
					"@executable_path/Frameworks",
				);
				MARKETING_VERSION = 1.0;
				PRODUCT_BUNDLE_IDENTIFIER = com.rickonz.Flix;
				PRODUCT_NAME = "$(TARGET_NAME)";
				SWIFT_EMIT_LOC_STRINGS = YES;
				SWIFT_VERSION = 5.0;
				TARGETED_DEVICE_FAMILY = "1,2";
			};
			name = Debug;
		};
		48B9E3EE270EB11800DC35EF /* Release */ = {
			isa = XCBuildConfiguration;
			baseConfigurationReference = 015A87D678A54D7A378802C9 /* Pods-Flix.release.xcconfig */;
			buildSettings = {
				ASSETCATALOG_COMPILER_APPICON_NAME = AppIcon;
				ASSETCATALOG_COMPILER_GLOBAL_ACCENT_COLOR_NAME = AccentColor;
				CODE_SIGN_STYLE = Automatic;
				CURRENT_PROJECT_VERSION = 1;
				DEVELOPMENT_TEAM = L49A5UK9QF;
				GENERATE_INFOPLIST_FILE = YES;
				INFOPLIST_FILE = Flix/Info.plist;
				INFOPLIST_KEY_UIApplicationSupportsIndirectInputEvents = YES;
				INFOPLIST_KEY_UILaunchStoryboardName = LaunchScreen;
				INFOPLIST_KEY_UIMainStoryboardFile = Main;
				INFOPLIST_KEY_UISupportedInterfaceOrientations_iPad = "UIInterfaceOrientationPortrait UIInterfaceOrientationPortraitUpsideDown UIInterfaceOrientationLandscapeLeft UIInterfaceOrientationLandscapeRight";
				INFOPLIST_KEY_UISupportedInterfaceOrientations_iPhone = "UIInterfaceOrientationPortrait UIInterfaceOrientationLandscapeLeft UIInterfaceOrientationLandscapeRight";
				LD_RUNPATH_SEARCH_PATHS = (
					"$(inherited)",
					"@executable_path/Frameworks",
				);
				MARKETING_VERSION = 1.0;
				PRODUCT_BUNDLE_IDENTIFIER = com.rickonz.Flix;
				PRODUCT_NAME = "$(TARGET_NAME)";
				SWIFT_EMIT_LOC_STRINGS = YES;
				SWIFT_VERSION = 5.0;
				TARGETED_DEVICE_FAMILY = "1,2";
			};
			name = Release;
		};
		48B9E3F0270EB11800DC35EF /* Debug */ = {
			isa = XCBuildConfiguration;
			baseConfigurationReference = 0856E90910130651134352A1 /* Pods-FlixTests.debug.xcconfig */;
			buildSettings = {
				ALWAYS_EMBED_SWIFT_STANDARD_LIBRARIES = YES;
				BUNDLE_LOADER = "$(TEST_HOST)";
				CODE_SIGN_STYLE = Automatic;
				CURRENT_PROJECT_VERSION = 1;
				DEVELOPMENT_TEAM = L49A5UK9QF;
				GENERATE_INFOPLIST_FILE = YES;
				IPHONEOS_DEPLOYMENT_TARGET = 15.0;
				LD_RUNPATH_SEARCH_PATHS = (
					"$(inherited)",
					"@executable_path/Frameworks",
					"@loader_path/Frameworks",
				);
				MARKETING_VERSION = 1.0;
				PRODUCT_BUNDLE_IDENTIFIER = com.rickonz.FlixTests;
				PRODUCT_NAME = "$(TARGET_NAME)";
				SWIFT_EMIT_LOC_STRINGS = NO;
				SWIFT_VERSION = 5.0;
				TARGETED_DEVICE_FAMILY = "1,2";
				TEST_HOST = "$(BUILT_PRODUCTS_DIR)/Flix.app/Flix";
			};
			name = Debug;
		};
		48B9E3F1270EB11800DC35EF /* Release */ = {
			isa = XCBuildConfiguration;
			baseConfigurationReference = 1F7A1BA658DF5AEFEF547EB6 /* Pods-FlixTests.release.xcconfig */;
			buildSettings = {
				ALWAYS_EMBED_SWIFT_STANDARD_LIBRARIES = YES;
				BUNDLE_LOADER = "$(TEST_HOST)";
				CODE_SIGN_STYLE = Automatic;
				CURRENT_PROJECT_VERSION = 1;
				DEVELOPMENT_TEAM = L49A5UK9QF;
				GENERATE_INFOPLIST_FILE = YES;
				IPHONEOS_DEPLOYMENT_TARGET = 15.0;
				LD_RUNPATH_SEARCH_PATHS = (
					"$(inherited)",
					"@executable_path/Frameworks",
					"@loader_path/Frameworks",
				);
				MARKETING_VERSION = 1.0;
				PRODUCT_BUNDLE_IDENTIFIER = com.rickonz.FlixTests;
				PRODUCT_NAME = "$(TARGET_NAME)";
				SWIFT_EMIT_LOC_STRINGS = NO;
				SWIFT_VERSION = 5.0;
				TARGETED_DEVICE_FAMILY = "1,2";
				TEST_HOST = "$(BUILT_PRODUCTS_DIR)/Flix.app/Flix";
			};
			name = Release;
		};
		48B9E3F3270EB11800DC35EF /* Debug */ = {
			isa = XCBuildConfiguration;
			baseConfigurationReference = E45839E2FF135FA0DBD702C5 /* Pods-Flix-FlixUITests.debug.xcconfig */;
			buildSettings = {
				ALWAYS_EMBED_SWIFT_STANDARD_LIBRARIES = YES;
				CODE_SIGN_STYLE = Automatic;
				CURRENT_PROJECT_VERSION = 1;
				DEVELOPMENT_TEAM = L49A5UK9QF;
				GENERATE_INFOPLIST_FILE = YES;
				LD_RUNPATH_SEARCH_PATHS = (
					"$(inherited)",
					"@executable_path/Frameworks",
					"@loader_path/Frameworks",
				);
				MARKETING_VERSION = 1.0;
				PRODUCT_BUNDLE_IDENTIFIER = com.rickonz.FlixUITests;
				PRODUCT_NAME = "$(TARGET_NAME)";
				SWIFT_EMIT_LOC_STRINGS = NO;
				SWIFT_VERSION = 5.0;
				TARGETED_DEVICE_FAMILY = "1,2";
				TEST_TARGET_NAME = Flix;
			};
			name = Debug;
		};
		48B9E3F4270EB11800DC35EF /* Release */ = {
			isa = XCBuildConfiguration;
			baseConfigurationReference = 192F20AE160CBB4D570EA509 /* Pods-Flix-FlixUITests.release.xcconfig */;
			buildSettings = {
				ALWAYS_EMBED_SWIFT_STANDARD_LIBRARIES = YES;
				CODE_SIGN_STYLE = Automatic;
				CURRENT_PROJECT_VERSION = 1;
				DEVELOPMENT_TEAM = L49A5UK9QF;
				GENERATE_INFOPLIST_FILE = YES;
				LD_RUNPATH_SEARCH_PATHS = (
					"$(inherited)",
					"@executable_path/Frameworks",
					"@loader_path/Frameworks",
				);
				MARKETING_VERSION = 1.0;
				PRODUCT_BUNDLE_IDENTIFIER = com.rickonz.FlixUITests;
				PRODUCT_NAME = "$(TARGET_NAME)";
				SWIFT_EMIT_LOC_STRINGS = NO;
				SWIFT_VERSION = 5.0;
				TARGETED_DEVICE_FAMILY = "1,2";
				TEST_TARGET_NAME = Flix;
			};
			name = Release;
		};
/* End XCBuildConfiguration section */

/* Begin XCConfigurationList section */
		48B9E3BD270EB11300DC35EF /* Build configuration list for PBXProject "Flix" */ = {
			isa = XCConfigurationList;
			buildConfigurations = (
				48B9E3EA270EB11800DC35EF /* Debug */,
				48B9E3EB270EB11800DC35EF /* Release */,
			);
			defaultConfigurationIsVisible = 0;
			defaultConfigurationName = Release;
		};
		48B9E3EC270EB11800DC35EF /* Build configuration list for PBXNativeTarget "Flix" */ = {
			isa = XCConfigurationList;
			buildConfigurations = (
				48B9E3ED270EB11800DC35EF /* Debug */,
				48B9E3EE270EB11800DC35EF /* Release */,
			);
			defaultConfigurationIsVisible = 0;
			defaultConfigurationName = Release;
		};
		48B9E3EF270EB11800DC35EF /* Build configuration list for PBXNativeTarget "FlixTests" */ = {
			isa = XCConfigurationList;
			buildConfigurations = (
				48B9E3F0270EB11800DC35EF /* Debug */,
				48B9E3F1270EB11800DC35EF /* Release */,
			);
			defaultConfigurationIsVisible = 0;
			defaultConfigurationName = Release;
		};
		48B9E3F2270EB11800DC35EF /* Build configuration list for PBXNativeTarget "FlixUITests" */ = {
			isa = XCConfigurationList;
			buildConfigurations = (
				48B9E3F3270EB11800DC35EF /* Debug */,
				48B9E3F4270EB11800DC35EF /* Release */,
			);
			defaultConfigurationIsVisible = 0;
			defaultConfigurationName = Release;
		};
/* End XCConfigurationList section */

/* Begin XCRemoteSwiftPackageReference section */
		483B144B270FB27500D9ECF2 /* XCRemoteSwiftPackageReference "AlamofireImage" */ = {
			isa = XCRemoteSwiftPackageReference;
			repositoryURL = "https://github.com/Alamofire/AlamofireImage";
			requirement = {
				kind = upToNextMajorVersion;
				minimumVersion = 4.0.0;
			};
		};
/* End XCRemoteSwiftPackageReference section */

/* Begin XCSwiftPackageProductDependency section */
		483B144C270FB27500D9ECF2 /* AlamofireImage */ = {
			isa = XCSwiftPackageProductDependency;
			package = 483B144B270FB27500D9ECF2 /* XCRemoteSwiftPackageReference "AlamofireImage" */;
			productName = AlamofireImage;
		};
/* End XCSwiftPackageProductDependency section */
	};
	rootObject = 48B9E3BA270EB11300DC35EF /* Project object */;
}
